
Microsoft Visual Studio Solution File, Format Version 12.00
# Visual Studio Version 17
VisualStudioVersion = 17.12.35527.113 d17.12
MinimumVisualStudioVersion = 10.0.40219.1
Project("{FAE04EC0-301F-11D3-BF4B-00C04F79EFBC}") = "AoC2024_day13", "AoC2024_day13.csproj", "{2015195D-6E18-4A71-AFA2-57E5140DC6AE}"
EndProject
Global
	GlobalSection(SolutionConfigurationPlatforms) = preSolution
		Debug|Any CPU = Debug|Any CPU
		Release|Any CPU = Release|Any CPU
	EndGlobalSection
	GlobalSection(ProjectConfigurationPlatforms) = postSolution
		{2015195D-6E18-4A71-AFA2-57E5140DC6AE}.Debug|Any CPU.ActiveCfg = Debug|Any CPU
		{2015195D-6E18-4A71-AFA2-57E5140DC6AE}.Debug|Any CPU.Build.0 = Debug|Any CPU
		{2015195D-6E18-4A71-AFA2-57E5140DC6AE}.Release|Any CPU.ActiveCfg = Release|Any CPU
		{2015195D-6E18-4A71-AFA2-57E5140DC6AE}.Release|Any CPU.Build.0 = Release|Any CPU
	EndGlobalSection
	GlobalSection(SolutionProperties) = preSolution
		HideSolutionNode = FALSE
	EndGlobalSection
EndGlobal
